
Microsoft Visual Studio Solution File, Format Version 12.00
# Visual Studio Version 16
VisualStudioVersion = 16.0.29318.209
MinimumVisualStudioVersion = 10.0.40219.1
Project("{2150E333-8FDC-42A3-9474-1A3956D46DE8}") = "00 - Apresentacao", "00 - Apresentacao", "{9A9074F0-02D3-4DCB-A3DA-1E11D09BC871}"
EndProject
Project("{2150E333-8FDC-42A3-9474-1A3956D46DE8}") = "01 - Aplicacao", "01 - Aplicacao", "{AFFC3F5C-7A2F-4777-A313-7006871FE862}"
EndProject
Project("{2150E333-8FDC-42A3-9474-1A3956D46DE8}") = "02 - Dominio", "02 - Dominio", "{308F0ED2-2957-42EC-9FF3-AA1E16B268BF}"
EndProject
Project("{2150E333-8FDC-42A3-9474-1A3956D46DE8}") = "03 - Infraestrutura", "03 - Infraestrutura", "{8D6032DC-2041-4571-9056-67FA3FAA05A1}"
EndProject
Project("{2150E333-8FDC-42A3-9474-1A3956D46DE8}") = "04 - Testes", "04 - Testes", "{44A68C81-0D45-49DD-97E2-F45278D78584}"
EndProject
Project("{2150E333-8FDC-42A3-9474-1A3956D46DE8}") = "3.1 - Repositorio", "3.1 - Repositorio", "{04A37AB9-9491-4621-994B-773B3EF57FE6}"
EndProject
Project("{2150E333-8FDC-42A3-9474-1A3956D46DE8}") = "4.1 - Dominio", "4.1 - Dominio", "{8D7EEBE8-E6FC-43B9-905C-9042F4E9BF03}"
EndProject
Project("{FAE04EC0-301F-11D3-BF4B-00C04F79EFBC}") = "Aries.WPF", "Aries.WPF\Aries.WPF.csproj", "{F25F830A-E040-4E06-8148-729E079605C6}"
EndProject
Project("{FAE04EC0-301F-11D3-BF4B-00C04F79EFBC}") = "Aries.DTO", "Aries.DTO\Aries.DTO.csproj", "{AE71CD71-E741-484D-B0FA-9B422A9105B5}"
EndProject
Project("{FAE04EC0-301F-11D3-BF4B-00C04F79EFBC}") = "Aries.Testes.Dominio", "Aries.Testes.Dominio\Aries.Testes.Dominio.csproj", "{3CB77A34-93F0-4C3B-B2FE-DE21E3CB82B5}"
EndProject
Project("{FAE04EC0-301F-11D3-BF4B-00C04F79EFBC}") = "Aries.Dominio", "Aries.Dominio\Aries.Dominio.csproj", "{3BC99AE5-CC4B-4F96-B725-67869278A081}"
EndProject
Project("{FAE04EC0-301F-11D3-BF4B-00C04F79EFBC}") = "Aries.Infraestrutura.Repositorio", "Aries.Infraestrutura.Repositorio\Aries.Infraestrutura.Repositorio.csproj", "{2DE80080-A4AF-477B-B4DF-7156EBF01F79}"
EndProject
Project("{FAE04EC0-301F-11D3-BF4B-00C04F79EFBC}") = "Aries.Aplicacao", "Aries.Aplicacao\Aries.Aplicacao.csproj", "{DE268D44-0DDF-42A6-9455-1AA3834CB6F1}"
EndProject
Project("{2150E333-8FDC-42A3-9474-1A3956D46DE8}") = "3.2 - Inversao de Controle (IoC)", "3.2 - Inversao de Controle (IoC)", "{3FBB5240-C1E2-4D61-A226-0E4516BEC9FB}"
EndProject
Project("{FAE04EC0-301F-11D3-BF4B-00C04F79EFBC}") = "Aries.Infraestrutura.IoC", "Aries.Infraestrutura.IoC\Aries.Infraestrutura.IoC.csproj", "{2A15A3B6-B699-4308-A91C-BC7C4B487266}"
EndProject
Project("{FAE04EC0-301F-11D3-BF4B-00C04F79EFBC}") = "Aries.Connector", "Aries.Connector\Aries.Connector.csproj", "{4F67247D-B1AC-4C0F-9253-BB5942759FD5}"
EndProject
Project("{2150E333-8FDC-42A3-9474-1A3956D46DE8}") = "3.3 - Enums", "3.3 - Enums", "{3F21AEA2-63BC-4D1C-8460-92CA70479ACC}"
EndProject
Project("{2150E333-8FDC-42A3-9474-1A3956D46DE8}") = "3.4 - Utilidades", "3.4 - Utilidades", "{D55ABCFD-DF96-4FA3-956A-E15B3D7F6551}"
EndProject
Project("{9A19103F-16F7-4668-BE54-9A1E7A4F7556}") = "Aries.Infraestrutura.Enums", "Aries.Infraestrutura.Enums\Aries.Infraestrutura.Enums.csproj", "{C5FD84D7-3150-478F-914D-9492825444A9}"
EndProject
Project("{FAE04EC0-301F-11D3-BF4B-00C04F79EFBC}") = "Aries.Infraestrutura.Utilidades", "Aries.Infraestrutura.Utilidades\Aries.Infraestrutura.Utilidades.csproj", "{02B625F5-6A23-47DD-9F99-DF1697809762}"
EndProject
Global
	GlobalSection(SolutionConfigurationPlatforms) = preSolution
		Debug|Any CPU = Debug|Any CPU
		Release|Any CPU = Release|Any CPU
	EndGlobalSection
	GlobalSection(ProjectConfigurationPlatforms) = postSolution
		{F25F830A-E040-4E06-8148-729E079605C6}.Debug|Any CPU.ActiveCfg = Debug|Any CPU
		{F25F830A-E040-4E06-8148-729E079605C6}.Debug|Any CPU.Build.0 = Debug|Any CPU
		{F25F830A-E040-4E06-8148-729E079605C6}.Release|Any CPU.ActiveCfg = Release|Any CPU
		{F25F830A-E040-4E06-8148-729E079605C6}.Release|Any CPU.Build.0 = Release|Any CPU
		{AE71CD71-E741-484D-B0FA-9B422A9105B5}.Debug|Any CPU.ActiveCfg = Debug|Any CPU
		{AE71CD71-E741-484D-B0FA-9B422A9105B5}.Debug|Any CPU.Build.0 = Debug|Any CPU
		{AE71CD71-E741-484D-B0FA-9B422A9105B5}.Release|Any CPU.ActiveCfg = Release|Any CPU
		{AE71CD71-E741-484D-B0FA-9B422A9105B5}.Release|Any CPU.Build.0 = Release|Any CPU
		{3CB77A34-93F0-4C3B-B2FE-DE21E3CB82B5}.Debug|Any CPU.ActiveCfg = Debug|Any CPU
		{3CB77A34-93F0-4C3B-B2FE-DE21E3CB82B5}.Debug|Any CPU.Build.0 = Debug|Any CPU
		{3CB77A34-93F0-4C3B-B2FE-DE21E3CB82B5}.Release|Any CPU.ActiveCfg = Release|Any CPU
		{3CB77A34-93F0-4C3B-B2FE-DE21E3CB82B5}.Release|Any CPU.Build.0 = Release|Any CPU
		{3BC99AE5-CC4B-4F96-B725-67869278A081}.Debug|Any CPU.ActiveCfg = Debug|Any CPU
		{3BC99AE5-CC4B-4F96-B725-67869278A081}.Debug|Any CPU.Build.0 = Debug|Any CPU
		{3BC99AE5-CC4B-4F96-B725-67869278A081}.Release|Any CPU.ActiveCfg = Release|Any CPU
		{3BC99AE5-CC4B-4F96-B725-67869278A081}.Release|Any CPU.Build.0 = Release|Any CPU
		{2DE80080-A4AF-477B-B4DF-7156EBF01F79}.Debug|Any CPU.ActiveCfg = Debug|Any CPU
		{2DE80080-A4AF-477B-B4DF-7156EBF01F79}.Debug|Any CPU.Build.0 = Debug|Any CPU
		{2DE80080-A4AF-477B-B4DF-7156EBF01F79}.Release|Any CPU.ActiveCfg = Release|Any CPU
		{2DE80080-A4AF-477B-B4DF-7156EBF01F79}.Release|Any CPU.Build.0 = Release|Any CPU
		{DE268D44-0DDF-42A6-9455-1AA3834CB6F1}.Debug|Any CPU.ActiveCfg = Debug|Any CPU
		{DE268D44-0DDF-42A6-9455-1AA3834CB6F1}.Debug|Any CPU.Build.0 = Debug|Any CPU
		{DE268D44-0DDF-42A6-9455-1AA3834CB6F1}.Release|Any CPU.ActiveCfg = Release|Any CPU
		{DE268D44-0DDF-42A6-9455-1AA3834CB6F1}.Release|Any CPU.Build.0 = Release|Any CPU
		{2A15A3B6-B699-4308-A91C-BC7C4B487266}.Debug|Any CPU.ActiveCfg = Debug|Any CPU
		{2A15A3B6-B699-4308-A91C-BC7C4B487266}.Debug|Any CPU.Build.0 = Debug|Any CPU
		{2A15A3B6-B699-4308-A91C-BC7C4B487266}.Release|Any CPU.ActiveCfg = Release|Any CPU
		{2A15A3B6-B699-4308-A91C-BC7C4B487266}.Release|Any CPU.Build.0 = Release|Any CPU
		{4F67247D-B1AC-4C0F-9253-BB5942759FD5}.Debug|Any CPU.ActiveCfg = Debug|Any CPU
		{4F67247D-B1AC-4C0F-9253-BB5942759FD5}.Debug|Any CPU.Build.0 = Debug|Any CPU
		{4F67247D-B1AC-4C0F-9253-BB5942759FD5}.Release|Any CPU.ActiveCfg = Release|Any CPU
		{4F67247D-B1AC-4C0F-9253-BB5942759FD5}.Release|Any CPU.Build.0 = Release|Any CPU
		{C5FD84D7-3150-478F-914D-9492825444A9}.Debug|Any CPU.ActiveCfg = Debug|Any CPU
		{C5FD84D7-3150-478F-914D-9492825444A9}.Debug|Any CPU.Build.0 = Debug|Any CPU
		{C5FD84D7-3150-478F-914D-9492825444A9}.Release|Any CPU.ActiveCfg = Release|Any CPU
		{C5FD84D7-3150-478F-914D-9492825444A9}.Release|Any CPU.Build.0 = Release|Any CPU
		{02B625F5-6A23-47DD-9F99-DF1697809762}.Debug|Any CPU.ActiveCfg = Debug|Any CPU
		{02B625F5-6A23-47DD-9F99-DF1697809762}.Debug|Any CPU.Build.0 = Debug|Any CPU
		{02B625F5-6A23-47DD-9F99-DF1697809762}.Release|Any CPU.ActiveCfg = Release|Any CPU
		{02B625F5-6A23-47DD-9F99-DF1697809762}.Release|Any CPU.Build.0 = Release|Any CPU
	EndGlobalSection
	GlobalSection(SolutionProperties) = preSolution
		HideSolutionNode = FALSE
	EndGlobalSection
	GlobalSection(NestedProjects) = preSolution
		{04A37AB9-9491-4621-994B-773B3EF57FE6} = {8D6032DC-2041-4571-9056-67FA3FAA05A1}
		{8D7EEBE8-E6FC-43B9-905C-9042F4E9BF03} = {44A68C81-0D45-49DD-97E2-F45278D78584}
		{F25F830A-E040-4E06-8148-729E079605C6} = {9A9074F0-02D3-4DCB-A3DA-1E11D09BC871}
		{AE71CD71-E741-484D-B0FA-9B422A9105B5} = {308F0ED2-2957-42EC-9FF3-AA1E16B268BF}
		{3CB77A34-93F0-4C3B-B2FE-DE21E3CB82B5} = {8D7EEBE8-E6FC-43B9-905C-9042F4E9BF03}
		{3BC99AE5-CC4B-4F96-B725-67869278A081} = {308F0ED2-2957-42EC-9FF3-AA1E16B268BF}
		{2DE80080-A4AF-477B-B4DF-7156EBF01F79} = {04A37AB9-9491-4621-994B-773B3EF57FE6}
		{DE268D44-0DDF-42A6-9455-1AA3834CB6F1} = {AFFC3F5C-7A2F-4777-A313-7006871FE862}
		{3FBB5240-C1E2-4D61-A226-0E4516BEC9FB} = {8D6032DC-2041-4571-9056-67FA3FAA05A1}
		{2A15A3B6-B699-4308-A91C-BC7C4B487266} = {3FBB5240-C1E2-4D61-A226-0E4516BEC9FB}
		{4F67247D-B1AC-4C0F-9253-BB5942759FD5} = {9A9074F0-02D3-4DCB-A3DA-1E11D09BC871}
		{3F21AEA2-63BC-4D1C-8460-92CA70479ACC} = {8D6032DC-2041-4571-9056-67FA3FAA05A1}
		{D55ABCFD-DF96-4FA3-956A-E15B3D7F6551} = {8D6032DC-2041-4571-9056-67FA3FAA05A1}
		{C5FD84D7-3150-478F-914D-9492825444A9} = {3F21AEA2-63BC-4D1C-8460-92CA70479ACC}
		{02B625F5-6A23-47DD-9F99-DF1697809762} = {D55ABCFD-DF96-4FA3-956A-E15B3D7F6551}
	EndGlobalSection
	GlobalSection(ExtensibilityGlobals) = postSolution
		SolutionGuid = {C701B908-AD44-4A8B-BE36-7D4E8DA555BA}
	EndGlobalSection
EndGlobal
